PODS:
  - AFNetworking (3.2.1):
    - AFNetworking/NSURLSession (= 3.2.1)
    - AFNetworking/Reachability (= 3.2.1)
    - AFNetworking/Security (= 3.2.1)
    - AFNetworking/Serialization (= 3.2.1)
    - AFNetworking/UIKit (= 3.2.1)
  - AFNetworking/NSURLSession (3.2.1):
    - AFNetworking/Reachability
    - AFNetworking/Security
    - AFNetworking/Serialization
  - AFNetworking/Reachability (3.2.1)
  - AFNetworking/Security (3.2.1)
  - AFNetworking/Serialization (3.2.1)
  - AFNetworking/UIKit (3.2.1):
    - AFNetworking/NSURLSession
  - Bugly (2.5.0)
  - ChameleonFramework (2.1.0):
    - ChameleonFramework/Default (= 2.1.0)
  - ChameleonFramework/Default (2.1.0)
  - CocoaLumberjack (3.5.3):
    - CocoaLumberjack/Core (= 3.5.3)
  - CocoaLumberjack/Core (3.5.3)
  - CTMediator (25)
  - CYLTabBarController (1.28.3):
    - CYLTabBarController/Core (= 1.28.3)
  - CYLTabBarController/Core (1.28.3)
  - FLEX (2.4.0)
  - FMDB (2.7.5):
    - FMDB/standard (= 2.7.5)
  - FMDB/standard (2.7.5)
  - FXBlurView (1.6.4)
  - JDBaseModule (0.0.1):
    - CocoaLumberjack
    - CTMediator
    - JDBaseModule/Base (= 0.0.1)
    - JDBaseModule/Expand (= 0.0.1)
    - JDNetWorkManager
    - JDragonTableManager
    - Masonry
    - NJKWebViewProgress
    - QMUIKit (= 3.2.1)
    - ReactiveObjC (~> 3.1.0)
    - RTRootNavigationController
    - SUIMVVMKit
    - YYKit
  - JDBaseModule/Base (0.0.1):
    - CocoaLumberjack
    - CTMediator
    - JDBaseModule/Base/AppDelegate (= 0.0.1)
    - JDBaseModule/Base/NSObject (= 0.0.1)
    - JDBaseModule/Base/UIView (= 0.0.1)
    - JDBaseModule/Base/UIViewController (= 0.0.1)
    - JDBaseModule/Base/WebViewController (= 0.0.1)
    - JDNetWorkManager
    - JDragonTableManager
    - Masonry
    - NJKWebViewProgress
    - QMUIKit (= 3.2.1)
    - ReactiveObjC (~> 3.1.0)
    - RTRootNavigationController
    - SUIMVVMKit
    - YYKit
  - JDBaseModule/Base/AppDelegate (0.0.1):
    - CocoaLumberjack
    - CTMediator
    - JDNetWorkManager
    - JDragonTableManager
    - Masonry
    - NJKWebViewProgress
    - QMUIKit (= 3.2.1)
    - ReactiveObjC (~> 3.1.0)
    - RTRootNavigationController
    - SUIMVVMKit
    - YYKit
  - JDBaseModule/Base/NSObject (0.0.1):
    - CocoaLumberjack
    - CTMediator
    - JDNetWorkManager
    - JDragonTableManager
    - Masonry
    - NJKWebViewProgress
    - QMUIKit (= 3.2.1)
    - ReactiveObjC (~> 3.1.0)
    - RTRootNavigationController
    - SUIMVVMKit
    - YYKit
  - JDBaseModule/Base/UIView (0.0.1):
    - CocoaLumberjack
    - CTMediator
    - JDNetWorkManager
    - JDragonTableManager
    - Masonry
    - NJKWebViewProgress
    - QMUIKit (= 3.2.1)
    - ReactiveObjC (~> 3.1.0)
    - RTRootNavigationController
    - SUIMVVMKit
    - YYKit
  - JDBaseModule/Base/UIViewController (0.0.1):
    - CocoaLumberjack
    - CTMediator
    - JDNetWorkManager
    - JDragonTableManager
    - Masonry
    - NJKWebViewProgress
    - QMUIKit (= 3.2.1)
    - ReactiveObjC (~> 3.1.0)
    - RTRootNavigationController
    - SUIMVVMKit
    - YYKit
  - JDBaseModule/Base/WebViewController (0.0.1):
    - CocoaLumberjack
    - CTMediator
    - JDNetWorkManager
    - JDragonTableManager
    - Masonry
    - NJKWebViewProgress
    - QMUIKit (= 3.2.1)
    - ReactiveObjC (~> 3.1.0)
    - RTRootNavigationController
    - SUIMVVMKit
    - YYKit
  - JDBaseModule/Expand (0.0.1):
    - CocoaLumberjack
    - CTMediator
    - JDBaseModule/Expand/Const (= 0.0.1)
    - JDBaseModule/Expand/Macros (= 0.0.1)
    - JDBaseModule/Expand/NetworkManager (= 0.0.1)
    - JDNetWorkManager
    - JDragonTableManager
    - Masonry
    - NJKWebViewProgress
    - QMUIKit (= 3.2.1)
    - ReactiveObjC (~> 3.1.0)
    - RTRootNavigationController
    - SUIMVVMKit
    - YYKit
  - JDBaseModule/Expand/Const (0.0.1):
    - CocoaLumberjack
    - CTMediator
    - JDNetWorkManager
    - JDragonTableManager
    - Masonry
    - NJKWebViewProgress
    - QMUIKit (= 3.2.1)
    - ReactiveObjC (~> 3.1.0)
    - RTRootNavigationController
    - SUIMVVMKit
    - YYKit
  - JDBaseModule/Expand/Macros (0.0.1):
    - CocoaLumberjack
    - CTMediator
    - JDNetWorkManager
    - JDragonTableManager
    - Masonry
    - NJKWebViewProgress
    - QMUIKit (= 3.2.1)
    - ReactiveObjC (~> 3.1.0)
    - RTRootNavigationController
    - SUIMVVMKit
    - YYKit
  - JDBaseModule/Expand/NetworkManager (0.0.1):
    - CocoaLumberjack
    - CTMediator
    - JDNetWorkManager
    - JDragonTableManager
    - Masonry
    - NJKWebViewProgress
    - QMUIKit (= 3.2.1)
    - ReactiveObjC (~> 3.1.0)
    - RTRootNavigationController
    - SUIMVVMKit
    - YYKit
  - JDNetWorkManager (0.0.2):
    - JDragonNetWork (~> 0.0.5)
  - JDragonNetWork (0.0.5):
    - AFNetworking (~> 3.2.1)
  - JDragonTableManager (0.0.4):
    - "UITableView+FDTemplateLayoutCell (~> 1.6)"
  - Masonry (1.1.0)
  - MJRefresh (3.2.0)
  - mob_analysdk (1.1.2):
    - mob_analysdk/AnalySDK (= 1.1.2)
    - MOBFoundation
  - mob_analysdk/AnalySDK (1.1.2):
    - MOBFoundation
  - mob_pushsdk (1.7.3):
    - mob_pushsdk/MobPush (= 1.7.3)
    - MOBFoundation
  - mob_pushsdk/MobPush (1.7.3):
    - MOBFoundation
  - MOBFoundation (3.2.4)
  - NJKWebViewProgress (0.2.3):
    - NJKWebViewProgress/Core (= 0.2.3)
    - NJKWebViewProgress/ProgressView (= 0.2.3)
  - NJKWebViewProgress/Core (0.2.3)
  - NJKWebViewProgress/ProgressView (0.2.3)
  - QMUIKit (3.2.1):
    - QMUIKit/QMUIComponents (= 3.2.1)
    - QMUIKit/QMUICore (= 3.2.1)
    - QMUIKit/QMUILog (= 3.2.1)
    - QMUIKit/QMUIMainFrame (= 3.2.1)
    - QMUIKit/QMUIResources (= 3.2.1)
    - QMUIKit/QMUIWeakObjectContainer (= 3.2.1)
  - QMUIKit/QMUIComponents (3.2.1):
    - QMUIKit/QMUIComponents/NavigationBarTransition (= 3.2.1)
    - QMUIKit/QMUIComponents/QMUIAlertController (= 3.2.1)
    - QMUIKit/QMUIComponents/QMUIAssetLibrary (= 3.2.1)
    - QMUIKit/QMUIComponents/QMUIBadge (= 3.2.1)
    - QMUIKit/QMUIComponents/QMUIButton (= 3.2.1)
    - QMUIKit/QMUIComponents/QMUICAAnimationExtension (= 3.2.1)
    - QMUIKit/QMUIComponents/QMUICellHeightCache (= 3.2.1)
    - QMUIKit/QMUIComponents/QMUICellHeightKeyCache (= 3.2.1)
    - QMUIKit/QMUIComponents/QMUICellSizeKeyCache (= 3.2.1)
    - QMUIKit/QMUIComponents/QMUICollectionViewPagingLayout (= 3.2.1)
    - QMUIKit/QMUIComponents/QMUIConsole (= 3.2.1)
    - QMUIKit/QMUIComponents/QMUIDialogViewController (= 3.2.1)
    - QMUIKit/QMUIComponents/QMUIEmotionInputManager (= 3.2.1)
    - QMUIKit/QMUIComponents/QMUIEmotionView (= 3.2.1)
    - QMUIKit/QMUIComponents/QMUIEmptyView (= 3.2.1)
    - QMUIKit/QMUIComponents/QMUIFillButton (= 3.2.1)
    - QMUIKit/QMUIComponents/QMUIFloatLayoutView (= 3.2.1)
    - QMUIKit/QMUIComponents/QMUIGhostButton (= 3.2.1)
    - QMUIKit/QMUIComponents/QMUIGridView (= 3.2.1)
    - QMUIKit/QMUIComponents/QMUIImagePickerLibrary (= 3.2.1)
    - QMUIKit/QMUIComponents/QMUIImagePreviewView (= 3.2.1)
    - QMUIKit/QMUIComponents/QMUIKeyboardManager (= 3.2.1)
    - QMUIKit/QMUIComponents/QMUILabel (= 3.2.1)
    - QMUIKit/QMUIComponents/QMUILinkButton (= 3.2.1)
    - QMUIKit/QMUIComponents/QMUILogManagerViewController (= 3.2.1)
    - QMUIKit/QMUIComponents/QMUILogWithConfigurationSupported (= 3.2.1)
    - QMUIKit/QMUIComponents/QMUIMarqueeLabel (= 3.2.1)
    - QMUIKit/QMUIComponents/QMUIModalPresentationViewController (= 3.2.1)
    - QMUIKit/QMUIComponents/QMUIMoreOperationController (= 3.2.1)
    - QMUIKit/QMUIComponents/QMUIMultipleDelegates (= 3.2.1)
    - QMUIKit/QMUIComponents/QMUINavigationButton (= 3.2.1)
    - QMUIKit/QMUIComponents/QMUINavigationTitleView (= 3.2.1)
    - QMUIKit/QMUIComponents/QMUIOrderedDictionary (= 3.2.1)
    - QMUIKit/QMUIComponents/QMUIPieProgressView (= 3.2.1)
    - QMUIKit/QMUIComponents/QMUIPopupContainerView (= 3.2.1)
    - QMUIKit/QMUIComponents/QMUIPopupMenuView (= 3.2.1)
    - QMUIKit/QMUIComponents/QMUIScrollAnimator (= 3.2.1)
    - QMUIKit/QMUIComponents/QMUISearchBar (= 3.2.1)
    - QMUIKit/QMUIComponents/QMUISearchController (= 3.2.1)
    - QMUIKit/QMUIComponents/QMUISegmentedControl (= 3.2.1)
    - QMUIKit/QMUIComponents/QMUISlider (= 3.2.1)
    - QMUIKit/QMUIComponents/QMUIStaticTableView (= 3.2.1)
    - QMUIKit/QMUIComponents/QMUITableView (= 3.2.1)
    - QMUIKit/QMUIComponents/QMUITableViewCell (= 3.2.1)
    - QMUIKit/QMUIComponents/QMUITableViewHeaderFooterView (= 3.2.1)
    - QMUIKit/QMUIComponents/QMUITableViewProtocols (= 3.2.1)
    - QMUIKit/QMUIComponents/QMUITestView (= 3.2.1)
    - QMUIKit/QMUIComponents/QMUITextField (= 3.2.1)
    - QMUIKit/QMUIComponents/QMUITextView (= 3.2.1)
    - QMUIKit/QMUIComponents/QMUITips (= 3.2.1)
    - QMUIKit/QMUIComponents/QMUIToastView (= 3.2.1)
    - QMUIKit/QMUIComponents/QMUIToolbarButton (= 3.2.1)
    - QMUIKit/QMUIComponents/QMUIVisualEffectView (= 3.2.1)
    - QMUIKit/QMUIComponents/QMUIZoomImageView (= 3.2.1)
    - QMUIKit/QMUICore
  - QMUIKit/QMUIComponents/NavigationBarTransition (3.2.1):
    - QMUIKit/QMUIComponents/QMUINavigationTitleView
    - QMUIKit/QMUICore
    - QMUIKit/QMUIMainFrame
  - QMUIKit/QMUIComponents/QMUIAlertController (3.2.1):
    - QMUIKit/QMUIComponents/QMUIButton
    - QMUIKit/QMUIComponents/QMUIModalPresentationViewController
    - QMUIKit/QMUIComponents/QMUITextField
    - QMUIKit/QMUICore
  - QMUIKit/QMUIComponents/QMUIAssetLibrary (3.2.1):
    - QMUIKit/QMUICore
  - QMUIKit/QMUIComponents/QMUIBadge (3.2.1):
    - QMUIKit/QMUIComponents/QMUILabel
    - QMUIKit/QMUICore
  - QMUIKit/QMUIComponents/QMUIButton (3.2.1):
    - QMUIKit/QMUICore
  - QMUIKit/QMUIComponents/QMUICAAnimationExtension (3.2.1):
    - QMUIKit/QMUIComponents/QMUIMultipleDelegates
    - QMUIKit/QMUICore
  - QMUIKit/QMUIComponents/QMUICellHeightCache (3.2.1):
    - QMUIKit/QMUIComponents/QMUITableViewProtocols
    - QMUIKit/QMUICore
  - QMUIKit/QMUIComponents/QMUICellHeightKeyCache (3.2.1):
    - QMUIKit/QMUIComponents/QMUIMultipleDelegates
    - QMUIKit/QMUIComponents/QMUITableViewProtocols
    - QMUIKit/QMUICore
  - QMUIKit/QMUIComponents/QMUICellSizeKeyCache (3.2.1):
    - QMUIKit/QMUIComponents/QMUIMultipleDelegates
    - QMUIKit/QMUICore
  - QMUIKit/QMUIComponents/QMUICollectionViewPagingLayout (3.2.1):
    - QMUIKit/QMUICore
  - QMUIKit/QMUIComponents/QMUIConsole (3.2.1):
    - QMUIKit/QMUIComponents/QMUIButton
    - QMUIKit/QMUIComponents/QMUICAAnimationExtension
    - QMUIKit/QMUIComponents/QMUIPopupMenuView
    - QMUIKit/QMUIComponents/QMUITextField
    - QMUIKit/QMUIComponents/QMUITextView
    - QMUIKit/QMUICore
  - QMUIKit/QMUIComponents/QMUIDialogViewController (3.2.1):
    - QMUIKit/QMUIComponents/QMUIButton
    - QMUIKit/QMUIComponents/QMUILabel
    - QMUIKit/QMUIComponents/QMUIModalPresentationViewController
    - QMUIKit/QMUIComponents/QMUINavigationTitleView
    - QMUIKit/QMUIComponents/QMUITableView
    - QMUIKit/QMUIComponents/QMUITableViewCell
    - QMUIKit/QMUIComponents/QMUITextField
    - QMUIKit/QMUICore
    - QMUIKit/QMUIMainFrame
  - QMUIKit/QMUIComponents/QMUIEmotionInputManager (3.2.1):
    - QMUIKit/QMUIComponents/QMUIEmotionView
    - QMUIKit/QMUICore
  - QMUIKit/QMUIComponents/QMUIEmotionView (3.2.1):
    - QMUIKit/QMUIComponents/QMUIButton
    - QMUIKit/QMUICore
    - QMUIKit/QMUIResources
  - QMUIKit/QMUIComponents/QMUIEmptyView (3.2.1):
    - QMUIKit/QMUIComponents/QMUIButton
    - QMUIKit/QMUICore
  - QMUIKit/QMUIComponents/QMUIFillButton (3.2.1):
    - QMUIKit/QMUIComponents/QMUIButton
    - QMUIKit/QMUICore
  - QMUIKit/QMUIComponents/QMUIFloatLayoutView (3.2.1):
    - QMUIKit/QMUICore
  - QMUIKit/QMUIComponents/QMUIGhostButton (3.2.1):
    - QMUIKit/QMUIComponents/QMUIButton
    - QMUIKit/QMUICore
  - QMUIKit/QMUIComponents/QMUIGridView (3.2.1):
    - QMUIKit/QMUICore
  - QMUIKit/QMUIComponents/QMUIImagePickerLibrary (3.2.1):
    - QMUIKit/QMUIComponents/QMUIAlertController
    - QMUIKit/QMUIComponents/QMUIAssetLibrary
    - QMUIKit/QMUIComponents/QMUIButton
    - QMUIKit/QMUIComponents/QMUIEmptyView
    - QMUIKit/QMUIComponents/QMUIImagePreviewView
    - QMUIKit/QMUIComponents/QMUINavigationButton
    - QMUIKit/QMUIComponents/QMUITableViewCell
    - QMUIKit/QMUIComponents/QMUIZoomImageView
    - QMUIKit/QMUICore
    - QMUIKit/QMUIMainFrame
    - QMUIKit/QMUIResources
  - QMUIKit/QMUIComponents/QMUIImagePreviewView (3.2.1):
    - QMUIKit/QMUIComponents/QMUIButton
    - QMUIKit/QMUIComponents/QMUICollectionViewPagingLayout
    - QMUIKit/QMUIComponents/QMUIEmptyView
    - QMUIKit/QMUIComponents/QMUIPieProgressView
    - QMUIKit/QMUIComponents/QMUIZoomImageView
    - QMUIKit/QMUICore
    - QMUIKit/QMUIMainFrame
  - QMUIKit/QMUIComponents/QMUIKeyboardManager (3.2.1):
    - QMUIKit/QMUICore
  - QMUIKit/QMUIComponents/QMUILabel (3.2.1):
    - QMUIKit/QMUICore
  - QMUIKit/QMUIComponents/QMUILinkButton (3.2.1):
    - QMUIKit/QMUIComponents/QMUIButton
    - QMUIKit/QMUICore
  - QMUIKit/QMUIComponents/QMUILogManagerViewController (3.2.1):
    - QMUIKit/QMUIComponents/QMUIPopupMenuView
    - QMUIKit/QMUIComponents/QMUISearchController
    - QMUIKit/QMUIComponents/QMUIStaticTableView
    - QMUIKit/QMUIComponents/QMUITableView
    - QMUIKit/QMUICore
    - QMUIKit/QMUIMainFrame
  - QMUIKit/QMUIComponents/QMUILogWithConfigurationSupported (3.2.1):
    - QMUIKit/QMUICore
  - QMUIKit/QMUIComponents/QMUIMarqueeLabel (3.2.1):
    - QMUIKit/QMUICore
  - QMUIKit/QMUIComponents/QMUIModalPresentationViewController (3.2.1):
    - QMUIKit/QMUIComponents/QMUIKeyboardManager
    - QMUIKit/QMUICore
  - QMUIKit/QMUIComponents/QMUIMoreOperationController (3.2.1):
    - QMUIKit/QMUIComponents/QMUIButton
    - QMUIKit/QMUIComponents/QMUIModalPresentationViewController
    - QMUIKit/QMUICore
  - QMUIKit/QMUIComponents/QMUIMultipleDelegates (3.2.1):
    - QMUIKit/QMUICore
  - QMUIKit/QMUIComponents/QMUINavigationButton (3.2.1):
    - QMUIKit/QMUICore
    - QMUIKit/QMUIMainFrame
  - QMUIKit/QMUIComponents/QMUINavigationTitleView (3.2.1):
    - QMUIKit/QMUIComponents/QMUIButton
    - QMUIKit/QMUICore
  - QMUIKit/QMUIComponents/QMUIOrderedDictionary (3.2.1):
    - QMUIKit/QMUICore
  - QMUIKit/QMUIComponents/QMUIPieProgressView (3.2.1):
    - QMUIKit/QMUICore
  - QMUIKit/QMUIComponents/QMUIPopupContainerView (3.2.1):
    - QMUIKit/QMUICore
    - QMUIKit/QMUIMainFrame
  - QMUIKit/QMUIComponents/QMUIPopupMenuView (3.2.1):
    - QMUIKit/QMUIComponents/QMUIButton
    - QMUIKit/QMUIComponents/QMUIPopupContainerView
    - QMUIKit/QMUICore
  - QMUIKit/QMUIComponents/QMUIScrollAnimator (3.2.1):
    - QMUIKit/QMUIComponents/QMUIMultipleDelegates
    - QMUIKit/QMUICore
  - QMUIKit/QMUIComponents/QMUISearchBar (3.2.1):
    - QMUIKit/QMUICore
  - QMUIKit/QMUIComponents/QMUISearchController (3.2.1):
    - QMUIKit/QMUIComponents/QMUIEmptyView
    - QMUIKit/QMUIComponents/QMUISearchBar
    - QMUIKit/QMUICore
    - QMUIKit/QMUIMainFrame
  - QMUIKit/QMUIComponents/QMUISegmentedControl (3.2.1):
    - QMUIKit/QMUICore
  - QMUIKit/QMUIComponents/QMUISlider (3.2.1):
    - QMUIKit/QMUICore
  - QMUIKit/QMUIComponents/QMUIStaticTableView (3.2.1):
    - QMUIKit/QMUIComponents/QMUIMultipleDelegates
    - QMUIKit/QMUIComponents/QMUITableViewCell
    - QMUIKit/QMUICore
  - QMUIKit/QMUIComponents/QMUITableView (3.2.1):
    - QMUIKit/QMUIComponents/QMUITableViewProtocols
    - QMUIKit/QMUICore
  - QMUIKit/QMUIComponents/QMUITableViewCell (3.2.1):
    - QMUIKit/QMUIComponents/QMUIButton
    - QMUIKit/QMUICore
  - QMUIKit/QMUIComponents/QMUITableViewHeaderFooterView (3.2.1):
    - QMUIKit/QMUICore
  - QMUIKit/QMUIComponents/QMUITableViewProtocols (3.2.1):
    - QMUIKit/QMUICore
  - QMUIKit/QMUIComponents/QMUITestView (3.2.1):
    - QMUIKit/QMUICore
  - QMUIKit/QMUIComponents/QMUITextField (3.2.1):
    - QMUIKit/QMUIComponents/QMUIMultipleDelegates
    - QMUIKit/QMUICore
  - QMUIKit/QMUIComponents/QMUITextView (3.2.1):
    - QMUIKit/QMUIComponents/QMUILabel
    - QMUIKit/QMUIComponents/QMUIMultipleDelegates
    - QMUIKit/QMUICore
  - QMUIKit/QMUIComponents/QMUITips (3.2.1):
    - QMUIKit/QMUIComponents/QMUIToastView
    - QMUIKit/QMUICore
    - QMUIKit/QMUIResources
  - QMUIKit/QMUIComponents/QMUIToastView (3.2.1):
    - QMUIKit/QMUIComponents/QMUIKeyboardManager
    - QMUIKit/QMUIComponents/QMUIVisualEffectView
    - QMUIKit/QMUICore
  - QMUIKit/QMUIComponents/QMUIToolbarButton (3.2.1):
    - QMUIKit/QMUICore
  - QMUIKit/QMUIComponents/QMUIVisualEffectView (3.2.1):
    - QMUIKit/QMUICore
  - QMUIKit/QMUIComponents/QMUIZoomImageView (3.2.1):
    - QMUIKit/QMUIComponents/QMUIAssetLibrary
    - QMUIKit/QMUIComponents/QMUIButton
    - QMUIKit/QMUIComponents/QMUIEmptyView
    - QMUIKit/QMUIComponents/QMUIPieProgressView
    - QMUIKit/QMUIComponents/QMUISlider
    - QMUIKit/QMUICore
  - QMUIKit/QMUICore (3.2.1):
    - QMUIKit/QMUILog
    - QMUIKit/QMUIWeakObjectContainer
  - QMUIKit/QMUILog (3.2.1)
  - QMUIKit/QMUIMainFrame (3.2.1):
    - QMUIKit/QMUIComponents/QMUIEmptyView
    - QMUIKit/QMUIComponents/QMUIKeyboardManager
    - QMUIKit/QMUIComponents/QMUIMultipleDelegates
    - QMUIKit/QMUIComponents/QMUINavigationTitleView
    - QMUIKit/QMUIComponents/QMUITableView
    - QMUIKit/QMUIComponents/QMUITableViewHeaderFooterView
    - QMUIKit/QMUICore
    - QMUIKit/QMUILog
  - QMUIKit/QMUIResources (3.2.1)
  - QMUIKit/QMUIWeakObjectContainer (3.2.1)
  - ReactiveObjC (3.1.1)
  - RTRootNavigationController (0.7.1):
    - RTRootNavigationController/Core (= 0.7.1)
  - RTRootNavigationController/Core (0.7.1)
  - SUIMVVMKit (0.5.2):
    - SUIMVVMKit/SUIMVVMKit (= 0.5.2)
  - SUIMVVMKit/SUIMVVMKit (0.5.2):
    - AFNetworking
    - FMDB
    - SUIUtils
  - SUIUtils (0.0.2):
    - SUIUtils/Foundation (= 0.0.2)
    - SUIUtils/Helper (= 0.0.2)
    - SUIUtils/Tool (= 0.0.2)
    - SUIUtils/UIKit (= 0.0.2)
  - SUIUtils/Foundation (0.0.2):
    - SUIUtils/Tool
  - SUIUtils/Helper (0.0.2):
    - SUIUtils/UIKit
    - "UITableView+FDTemplateLayoutCell (~> 1.4)"
  - SUIUtils/Tool (0.0.2)
  - SUIUtils/UIKit (0.0.2):
    - SUIUtils/Foundation
  - "UITableView+FDTemplateLayoutCell (1.6)"
  - UMCAnalytics (6.0.5):
    - UMCCommon
  - UMCCommon (2.1.1)
  - XAspect (1.0.5):
    - XAspect/Core (= 1.0.5)
    - XAspect/Macros (= 1.0.5)
  - XAspect/Core (1.0.5):
    - XAspect/Macros
  - XAspect/Macros (1.0.5)
  - YYKit (1.0.9):
    - YYKit/no-arc (= 1.0.9)
  - YYKit/no-arc (1.0.9)

DEPENDENCIES:
  - Bugly
  - ChameleonFramework (~> 2.1.0)
  - CYLTabBarController
  - FLEX (~> 2.0)
  - FXBlurView (~> 1.6.4)
  - JDBaseModule (from `../../JDBaseModule`)
  - MJRefresh (~> 3.2.0)
  - mob_analysdk
  - mob_pushsdk
  - UMCAnalytics
  - XAspect

SPEC REPOS:
  https://github.com/cocoapods/specs.git:
    - AFNetworking
    - Bugly
    - ChameleonFramework
    - CocoaLumberjack
    - CTMediator
    - CYLTabBarController
    - FLEX
    - FMDB
    - FXBlurView
    - JDNetWorkManager
    - JDragonNetWork
    - JDragonTableManager
    - Masonry
    - MJRefresh
    - mob_analysdk
    - mob_pushsdk
    - MOBFoundation
    - NJKWebViewProgress
    - QMUIKit
    - ReactiveObjC
    - RTRootNavigationController
    - SUIMVVMKit
    - SUIUtils
    - "UITableView+FDTemplateLayoutCell"
    - UMCAnalytics
    - UMCCommon
    - XAspect
    - YYKit

EXTERNAL SOURCES:
  JDBaseModule:
    :path: "../../JDBaseModule"

SPEC CHECKSUMS:
  AFNetworking: b6f891fdfaed196b46c7a83cf209e09697b94057
  Bugly: 3ca9f255c01025582df26f9222893b383c7e4b4e
  ChameleonFramework: d21a3cc247abfe5e37609a283a8238b03575cf64
  CocoaLumberjack: 2f44e60eb91c176d471fdba43b9e3eae6a721947
  CTMediator: 830c1fc204b3a6abf2a059510c7380f56343da0f
  CYLTabBarController: cd14c6260a38337600737873a57b3114c7065a8e
  FLEX: bd1a39e55b56bb413b6f1b34b3c10a0dc44ef079
  FMDB: 2ce00b547f966261cd18927a3ddb07cb6f3db82a
  FXBlurView: db786c2561cb49a09ae98407f52460096ab8a44f
  JDBaseModule: 12c613ee1d8813467ea1974c40d13eb423bee58e
  JDNetWorkManager: 9d4fd0c200a9521d046b7e3bdbf462ab6c613520
  JDragonNetWork: 7f85f934b2611dff31922ab51507fc643fe84223
  JDragonTableManager: c49d0538bebd7c86f9bfbbdd5b74408401a29a5d
  Masonry: 678fab65091a9290e40e2832a55e7ab731aad201
  MJRefresh: ed450d6eb9d3346a2cb033ab7eb6de090aeef437
  mob_analysdk: 9bab555a1eaf63807c19564dac8a457e63f1e668
  mob_pushsdk: ca021a2938b2da289d9066237a01df3cfbc11aa0
  MOBFoundation: dd8f319dde9331590d515a1676d27baccc0070e5
  NJKWebViewProgress: f481fd424cb5ecc27eacae11b5397db92fba9a4d
  QMUIKit: a3af645843b9558eb7aaf407b320eaeb45ab6144
  ReactiveObjC: 011caa393aa0383245f2dcf9bf02e86b80b36040
  RTRootNavigationController: afa6913402be26f8326f7f37fc1550aa67baddcc
  SUIMVVMKit: 154278149c634c82cecd3bccfef5169e22b309fe
  SUIUtils: b4dc603df7a7f08dab0005522353414260a1b719
  "UITableView+FDTemplateLayoutCell": 5c949b4a5059c404b442926c0e80f81d10a2d66f
  UMCAnalytics: 045be2cd1ec05aa95ad62405a850757f932e2d59
  UMCCommon: 971f324a5a99c9d662ae040a815e7e3d7ef8b2a8
  XAspect: db50bf487f92dbb8557a7a5365556966c8493af8
  YYKit: 7cda43304a8dc3696c449041e2cb3107b4e236e7

PODFILE CHECKSUM: 4328bff74e141e7e7de710e3793faf426bc0ef2e

COCOAPODS: 1.7.3
